
Microsoft Visual Studio Solution File, Format Version 12.00
# Visual Studio Version 17
VisualStudioVersion = 17.3.32825.248
MinimumVisualStudioVersion = 10.0.40219.1
Project("{FAE04EC0-301F-11D3-BF4B-00C04F79EFBC}") = "ChatGPT Sentry for Outlook", "ChatGPT Sentry for Outlook\ChatGPT Sentry for Outlook.csproj", "{FD88A148-9A2A-4A51-8279-C87940CEE50B}"
EndProject
Global
	GlobalSection(SolutionConfigurationPlatforms) = preSolution
		Debug|Any CPU = Debug|Any CPU
		Release|Any CPU = Release|Any CPU
	EndGlobalSection
	GlobalSection(ProjectConfigurationPlatforms) = postSolution
		{FD88A148-9A2A-4A51-8279-C87940CEE50B}.Debug|Any CPU.ActiveCfg = Debug|Any CPU
		{FD88A148-9A2A-4A51-8279-C87940CEE50B}.Debug|Any CPU.Build.0 = Debug|Any CPU
		{FD88A148-9A2A-4A51-8279-C87940CEE50B}.Release|Any CPU.ActiveCfg = Release|Any CPU
		{FD88A148-9A2A-4A51-8279-C87940CEE50B}.Release|Any CPU.Build.0 = Release|Any CPU
	EndGlobalSection
	GlobalSection(SolutionProperties) = preSolution
		HideSolutionNode = FALSE
	EndGlobalSection
	GlobalSection(ExtensibilityGlobals) = postSolution
		SolutionGuid = {8AF32BD1-6064-4874-B4FF-EFD58BB079F5}
	EndGlobalSection
EndGlobal
